
Microsoft Visual Studio Solution File, Format Version 12.00
# Visual Studio 15
VisualStudioVersion = 15.0.27130.2027
MinimumVisualStudioVersion = 10.0.40219.1
Project("{FAE04EC0-301F-11D3-BF4B-00C04F79EFBC}") = "OrdersFromSql", "OrdersFromSql\OrdersFromSql.csproj", "{EC652854-4A1D-45DD-9E79-A5378869F832}"
EndProject
Project("{FAE04EC0-301F-11D3-BF4B-00C04F79EFBC}") = "GetSqlOrders", "SqlOrders\GetSqlOrders.csproj", "{E719421D-A3C9-49FB-B7C3-EB1E8E54924F}"
EndProject
Global
	GlobalSection(SolutionConfigurationPlatforms) = preSolution
		Debug|Any CPU = Debug|Any CPU
		Release|Any CPU = Release|Any CPU
	EndGlobalSection
	GlobalSection(ProjectConfigurationPlatforms) = postSolution
		{EC652854-4A1D-45DD-9E79-A5378869F832}.Debug|Any CPU.ActiveCfg = Debug|Any CPU
		{EC652854-4A1D-45DD-9E79-A5378869F832}.Debug|Any CPU.Build.0 = Debug|Any CPU
		{EC652854-4A1D-45DD-9E79-A5378869F832}.Release|Any CPU.ActiveCfg = Release|Any CPU
		{EC652854-4A1D-45DD-9E79-A5378869F832}.Release|Any CPU.Build.0 = Release|Any CPU
		{E719421D-A3C9-49FB-B7C3-EB1E8E54924F}.Debug|Any CPU.ActiveCfg = Debug|Any CPU
		{E719421D-A3C9-49FB-B7C3-EB1E8E54924F}.Debug|Any CPU.Build.0 = Debug|Any CPU
		{E719421D-A3C9-49FB-B7C3-EB1E8E54924F}.Release|Any CPU.ActiveCfg = Release|Any CPU
		{E719421D-A3C9-49FB-B7C3-EB1E8E54924F}.Release|Any CPU.Build.0 = Release|Any CPU
	EndGlobalSection
	GlobalSection(SolutionProperties) = preSolution
		HideSolutionNode = FALSE
	EndGlobalSection
	GlobalSection(ExtensibilityGlobals) = postSolution
		SolutionGuid = {06BAFDD6-8D2C-4881-B520-1B6C63A6FE3C}
	EndGlobalSection
EndGlobal
